
Microsoft Visual Studio Solution File, Format Version 12.00
# Visual Studio Version 17
VisualStudioVersion = 17.8.34525.116
MinimumVisualStudioVersion = 10.0.40219.1
Project("{FAE04EC0-301F-11D3-BF4B-00C04F79EFBC}") = "First_Installer", "First_Installer\First_Installer.csproj", "{45AD84F9-2791-4D29-B32F-098B27018ED1}"
EndProject
Project("{54435603-DBB4-11D2-8724-00A0C9A8B90C}") = "MySetup", "MySetup\MySetup.vdproj", "{3195441C-5130-4D62-BA36-9B7B9EEA540E}"
EndProject
Global
	GlobalSection(SolutionConfigurationPlatforms) = preSolution
		Debug|Any CPU = Debug|Any CPU
		Release|Any CPU = Release|Any CPU
	EndGlobalSection
	GlobalSection(ProjectConfigurationPlatforms) = postSolution
		{45AD84F9-2791-4D29-B32F-098B27018ED1}.Debug|Any CPU.ActiveCfg = Debug|Any CPU
		{45AD84F9-2791-4D29-B32F-098B27018ED1}.Debug|Any CPU.Build.0 = Debug|Any CPU
		{45AD84F9-2791-4D29-B32F-098B27018ED1}.Release|Any CPU.ActiveCfg = Release|Any CPU
		{45AD84F9-2791-4D29-B32F-098B27018ED1}.Release|Any CPU.Build.0 = Release|Any CPU
		{3195441C-5130-4D62-BA36-9B7B9EEA540E}.Debug|Any CPU.ActiveCfg = Debug
		{3195441C-5130-4D62-BA36-9B7B9EEA540E}.Release|Any CPU.ActiveCfg = Release
	EndGlobalSection
	GlobalSection(SolutionProperties) = preSolution
		HideSolutionNode = FALSE
	EndGlobalSection
	GlobalSection(ExtensibilityGlobals) = postSolution
		SolutionGuid = {9653692D-D080-4387-AE6F-126046E0C1EC}
	EndGlobalSection
EndGlobal
